
Microsoft Visual Studio Solution File, Format Version 12.00
# Visual Studio Version 17
VisualStudioVersion = 17.7.34031.279
MinimumVisualStudioVersion = 10.0.40219.1
Project("{FAE04EC0-301F-11D3-BF4B-00C04F79EFBC}") = "Composition2", "Composition2\Composition2.csproj", "{5A3EE127-72A5-47E8-857D-E96A4BF31001}"
EndProject
Global
	GlobalSection(SolutionConfigurationPlatforms) = preSolution
		Debug|Any CPU = Debug|Any CPU
		Release|Any CPU = Release|Any CPU
	EndGlobalSection
	GlobalSection(ProjectConfigurationPlatforms) = postSolution
		{5A3EE127-72A5-47E8-857D-E96A4BF31001}.Debug|Any CPU.ActiveCfg = Debug|Any CPU
		{5A3EE127-72A5-47E8-857D-E96A4BF31001}.Debug|Any CPU.Build.0 = Debug|Any CPU
		{5A3EE127-72A5-47E8-857D-E96A4BF31001}.Release|Any CPU.ActiveCfg = Release|Any CPU
		{5A3EE127-72A5-47E8-857D-E96A4BF31001}.Release|Any CPU.Build.0 = Release|Any CPU
	EndGlobalSection
	GlobalSection(SolutionProperties) = preSolution
		HideSolutionNode = FALSE
	EndGlobalSection
	GlobalSection(ExtensibilityGlobals) = postSolution
		SolutionGuid = {BF4D8BFC-571D-4DB3-B61E-8C98730D5CBE}
	EndGlobalSection
EndGlobal
