
Microsoft Visual Studio Solution File, Format Version 12.00
# Visual Studio Version 17
VisualStudioVersion = 17.7.34031.279
MinimumVisualStudioVersion = 10.0.40219.1
Project("{FAE04EC0-301F-11D3-BF4B-00C04F79EFBC}") = "Herança1", "Herança1\Herança1.csproj", "{9A9761A8-4ADA-44D9-9C2E-D5E57ECC5A1E}"
EndProject
Global
	GlobalSection(SolutionConfigurationPlatforms) = preSolution
		Debug|Any CPU = Debug|Any CPU
		Release|Any CPU = Release|Any CPU
	EndGlobalSection
	GlobalSection(ProjectConfigurationPlatforms) = postSolution
		{9A9761A8-4ADA-44D9-9C2E-D5E57ECC5A1E}.Debug|Any CPU.ActiveCfg = Debug|Any CPU
		{9A9761A8-4ADA-44D9-9C2E-D5E57ECC5A1E}.Debug|Any CPU.Build.0 = Debug|Any CPU
		{9A9761A8-4ADA-44D9-9C2E-D5E57ECC5A1E}.Release|Any CPU.ActiveCfg = Release|Any CPU
		{9A9761A8-4ADA-44D9-9C2E-D5E57ECC5A1E}.Release|Any CPU.Build.0 = Release|Any CPU
	EndGlobalSection
	GlobalSection(SolutionProperties) = preSolution
		HideSolutionNode = FALSE
	EndGlobalSection
	GlobalSection(ExtensibilityGlobals) = postSolution
		SolutionGuid = {E7CB829E-D98B-47B9-A359-5C558063F85D}
	EndGlobalSection
EndGlobal
